
Microsoft Visual Studio Solution File, Format Version 12.00
# Visual Studio Version 17
VisualStudioVersion = 17.8.34330.188
MinimumVisualStudioVersion = 10.0.40219.1
Project("{9A19103F-16F7-4668-BE54-9A1E7A4F7556}") = "ZuZin", "ZuZin\ZuZin.csproj", "{EE6ADE00-D996-4333-B481-17F8A5B692FD}"
EndProject
Global
	GlobalSection(SolutionConfigurationPlatforms) = preSolution
		Debug|Any CPU = Debug|Any CPU
		Release|Any CPU = Release|Any CPU
	EndGlobalSection
	GlobalSection(ProjectConfigurationPlatforms) = postSolution
		{EE6ADE00-D996-4333-B481-17F8A5B692FD}.Debug|Any CPU.ActiveCfg = Debug|Any CPU
		{EE6ADE00-D996-4333-B481-17F8A5B692FD}.Debug|Any CPU.Build.0 = Debug|Any CPU
		{EE6ADE00-D996-4333-B481-17F8A5B692FD}.Release|Any CPU.ActiveCfg = Release|Any CPU
		{EE6ADE00-D996-4333-B481-17F8A5B692FD}.Release|Any CPU.Build.0 = Release|Any CPU
	EndGlobalSection
	GlobalSection(SolutionProperties) = preSolution
		HideSolutionNode = FALSE
	EndGlobalSection
	GlobalSection(ExtensibilityGlobals) = postSolution
		SolutionGuid = {CFDF79E1-2BE5-4EBF-9521-EACDA1216B9E}
	EndGlobalSection
EndGlobal
